// !$*UTF8*$!
{
	archiveVersion = 1;
	classes = {
	};
	objectVersion = 60;
	objects = {

/* Begin PBXBuildFile section */
		1000000A2C5E0000000000AB /* AppDelegate.swift in Sources */ = {isa = PBXBuildFile; fileRef = 100000092C5E0000000000AB /* AppDelegate.swift */; };
		1000000C2C5E0000000000AB /* GameViewController.swift in Sources */ = {isa = PBXBuildFile; fileRef = 1000000B2C5E0000000000AB /* GameViewController.swift */; };
		1000000E2C5E0000000000AB /* GameScene.swift in Sources */ = {isa = PBXBuildFile; fileRef = 1000000D2C5E0000000000AB /* GameScene.swift */; };
		100000102C5E0000000000AB /* Assets.xcassets in Resources */ = {isa = PBXBuildFile; fileRef = 1000000F2C5E0000000000AB /* Assets.xcassets */; };
		100000132C5E0000000000AB /* LaunchScreen.storyboard in Resources */ = {isa = PBXBuildFile; fileRef = 100000112C5E0000000000AB /* LaunchScreen.storyboard */; };
		100000152C5E0000000000AB /* Main.storyboard in Resources */ = {isa = PBXBuildFile; fileRef = 100000142C5E0000000000AB /* Main.storyboard */; };
		100000172C5E0000000000AB /* GameEngine.swift in Sources */ = {isa = PBXBuildFile; fileRef = 100000162C5E0000000000AB /* GameEngine.swift */; };
		100000192C5E0000000000AB /* ResourceManager.swift in Sources */ = {isa = PBXBuildFile; fileRef = 100000182C5E0000000000AB /* ResourceManager.swift */; };
		1000001B2C5E0000000000AB /* UnitManager.swift in Sources */ = {isa = PBXBuildFile; fileRef = 1000001A2C5E0000000000AB /* UnitManager.swift */; };
		1000001D2C5E0000000000AB /* BuildingManager.swift in Sources */ = {isa = PBXBuildFile; fileRef = 1000001C2C5E0000000000AB /* BuildingManager.swift */; };
		1000001F2C5E0000000000AB /* FactionManager.swift in Sources */ = {isa = PBXBuildFile; fileRef = 1000001E2C5E0000000000AB /* FactionManager.swift */; };
		100000212C5E0000000000AB /* CampaignManager.swift in Sources */ = {isa = PBXBuildFile; fileRef = 100000202C5E0000000000AB /* CampaignManager.swift */; };
		100000232C5E0000000000AB /* GameUI.swift in Sources */ = {isa = PBXBuildFile; fileRef = 100000222C5E0000000000AB /* GameUI.swift */; };
/* End PBXBuildFile section */

/* Begin PBXFileReference section */
		100000062C5E0000000000AB /* ScottyMasonsRevenge.app */ = {isa = PBXFileReference; explicitFileType = wrapper.application; includeInIndex = 0; path = ScottyMasonsRevenge.app; sourceTree = BUILT_PRODUCTS_DIR; };
		100000092C5E0000000000AB /* AppDelegate.swift */ = {isa = PBXFileReference; lastKnownFileType = sourcecode.swift; path = AppDelegate.swift; sourceTree = "<group>"; };
		1000000B2C5E0000000000AB /* GameViewController.swift */ = {isa = PBXFileReference; lastKnownFileType = sourcecode.swift; path = GameViewController.swift; sourceTree = "<group>"; };
		1000000D2C5E0000000000AB /* GameScene.swift */ = {isa = PBXFileReference; lastKnownFileType = sourcecode.swift; path = GameScene.swift; sourceTree = "<group>"; };
		1000000F2C5E0000000000AB /* Assets.xcassets */ = {isa = PBXFileReference; lastKnownFileType = folder.assetcatalog; path = Assets.xcassets; sourceTree = "<group>"; };
		100000122C5E0000000000AB /* Base */ = {isa = PBXFileReference; lastKnownFileType = file.storyboard; name = Base; path = Base.lproj/LaunchScreen.storyboard; sourceTree = "<group>"; };
		100000142C5E0000000000AB /* Main.storyboard */ = {isa = PBXFileReference; lastKnownFileType = file.storyboard; path = Main.storyboard; sourceTree = "<group>"; };
		100000152C5E0000000000AB /* Info.plist */ = {isa = PBXFileReference; lastKnownFileType = text.plist.xml; path = Info.plist; sourceTree = "<group>"; };
		100000162C5E0000000000AB /* GameEngine.swift */ = {isa = PBXFileReference; lastKnownFileType = sourcecode.swift; path = GameEngine.swift; sourceTree = "<group>"; };
		100000182C5E0000000000AB /* ResourceManager.swift */ = {isa = PBXFileReference; lastKnownFileType = sourcecode.swift; path = ResourceManager.swift; sourceTree = "<group>"; };
		1000001A2C5E0000000000AB /* UnitManager.swift */ = {isa = PBXFileReference; lastKnownFileType = sourcecode.swift; path = UnitManager.swift; sourceTree = "<group>"; };
		1000001C2C5E0000000000AB /* BuildingManager.swift */ = {isa = PBXFileReference; lastKnownFileType = sourcecode.swift; path = BuildingManager.swift; sourceTree = "<group>"; };
		1000001E2C5E0000000000AB /* FactionManager.swift */ = {isa = PBXFileReference; lastKnownFileType = sourcecode.swift; path = FactionManager.swift; sourceTree = "<group>"; };
		100000202C5E0000000000AB /* CampaignManager.swift */ = {isa = PBXFileReference; lastKnownFileType = sourcecode.swift; path = CampaignManager.swift; sourceTree = "<group>"; };
		100000222C5E0000000000AB /* GameUI.swift */ = {isa = PBXFileReference; lastKnownFileType = sourcecode.swift; path = GameUI.swift; sourceTree = "<group>"; };
/* End PBXFileReference section */

/* Begin PBXFrameworksBuildPhase section */
		100000032C5E0000000000AB /* Frameworks */ = {
			isa = PBXFrameworksBuildPhase;
			buildActionMask = 2147483647;
			files = (
			);
			runOnlyForDeploymentPostprocessing = 0;
		};
/* End PBXFrameworksBuildPhase section */

/* Begin PBXGroup section */
		100000002C5E0000000000AB = {
			isa = PBXGroup;
			children = (
				100000082C5E0000000000AB /* ScottyMasonsRevenge */,
				100000072C5E0000000000AB /* Products */,
			);
			sourceTree = "<group>";
		};
		100000072C5E0000000000AB /* Products */ = {
			isa = PBXGroup;
			children = (
				100000062C5E0000000000AB /* ScottyMasonsRevenge.app */,
			);
			name = Products;
			sourceTree = "<group>";
		};
		100000082C5E0000000000AB /* ScottyMasonsRevenge */ = {
			isa = PBXGroup;
			children = (
				100000242C5E0000000000AB /* Core */,
				100000252C5E0000000000AB /* Game Systems */,
				100000262C5E0000000000AB /* UI */,
				100000272C5E0000000000AB /* Resources */,
				100000092C5E0000000000AB /* AppDelegate.swift */,
				1000000B2C5E0000000000AB /* GameViewController.swift */,
				100000142C5E0000000000AB /* Main.storyboard */,
				100000112C5E0000000000AB /* LaunchScreen.storyboard */,
				100000152C5E0000000000AB /* Info.plist */,
			);
			path = ScottyMasonsRevenge;
			sourceTree = "<group>";
		};
		100000242C5E0000000000AB /* Core */ = {
			isa = PBXGroup;
			children = (
				1000000D2C5E0000000000AB /* GameScene.swift */,
				100000162C5E0000000000AB /* GameEngine.swift */,
			);
			path = Core;
			sourceTree = "<group>";
		};
		100000252C5E0000000000AB /* Game Systems */ = {
			isa = PBXGroup;
			children = (
				100000182C5E0000000000AB /* ResourceManager.swift */,
				1000001A2C5E0000000000AB /* UnitManager.swift */,
				1000001C2C5E0000000000AB /* BuildingManager.swift */,
				1000001E2C5E0000000000AB /* FactionManager.swift */,
				100000202C5E0000000000AB /* CampaignManager.swift */,
			);
			path = "Game Systems";
			sourceTree = "<group>";
		};
		100000262C5E0000000000AB /* UI */ = {
			isa = PBXGroup;
			children = (
				100000222C5E0000000000AB /* GameUI.swift */,
			);
			path = UI;
			sourceTree = "<group>";
		};
		100000272C5E0000000000AB /* Resources */ = {
			isa = PBXGroup;
			children = (
				1000000F2C5E0000000000AB /* Assets.xcassets */,
			);
			path = Resources;
			sourceTree = "<group>";
		};
/* End PBXGroup section */

/* Begin PBXNativeTarget section */
		100000052C5E0000000000AB /* ScottyMasonsRevenge */ = {
			isa = PBXNativeTarget;
			buildConfigurationList = 100000192C5E0000000000AB /* Build configuration list for PBXNativeTarget "ScottyMasonsRevenge" */;
			buildPhases = (
				100000022C5E0000000000AB /* Sources */,
				100000032C5E0000000000AB /* Frameworks */,
				100000042C5E0000000000AB /* Resources */,
			);
			buildRules = (
			);
			dependencies = (
			);
			name = ScottyMasonsRevenge;
			productName = ScottyMasonsRevenge;
			productReference = 100000062C5E0000000000AB /* ScottyMasonsRevenge.app */;
			productType = "com.apple.product-type.application";
		};
/* End PBXNativeTarget section */

/* Begin PBXProject section */
		100000012C5E0000000000AB /* Project object */ = {
			isa = PBXProject;
			attributes = {
				BuildIndependentTargetsInParallel = 1;
				LastSwiftUpdateCheck = 1500;
				LastUpgradeCheck = 1500;
				TargetAttributes = {
					100000052C5E0000000000AB = {
						CreatedOnToolsVersion = 15.0;
					};
				};
			};
			buildConfigurationList = 100000042C5E0000000000AB /* Build configuration list for PBXProject "ScottyMasonsRevenge" */;
			compatibilityVersion = "Xcode 14.0";
			developmentRegion = en;
			hasScannedForEncodings = 0;
			knownRegions = (
				en,
				Base,
			);
			mainGroup = 100000002C5E0000000000AB;
			productRefGroup = 100000072C5E0000000000AB /* Products */;
			projectDirPath = "";
			projectRoot = "";
			targets = (
				100000052C5E0000000000AB /* ScottyMasonsRevenge */,
			);
		};
/* End PBXProject section */

/* Begin PBXResourcesBuildPhase section */
		100000042C5E0000000000AB /* Resources */ = {
			isa = PBXResourcesBuildPhase;
			buildActionMask = 2147483647;
			files = (
				100000102C5E0000000000AB /* Assets.xcassets in Resources */,
				100000132C5E0000000000AB /* LaunchScreen.storyboard in Resources */,
				100000152C5E0000000000AB /* Main.storyboard in Resources */,
			);
			runOnlyForDeploymentPostprocessing = 0;
		};
/* End PBXResourcesBuildPhase section */

/* Begin PBXSourcesBuildPhase section */
		100000022C5E0000000000AB /* Sources */ = {
			isa = PBXSourcesBuildPhase;
			buildActionMask = 2147483647;
			files = (
				1000000A2C5E0000000000AB /* AppDelegate.swift in Sources */,
				1000000C2C5E0000000000AB /* GameViewController.swift in Sources */,
				1000000E2C5E0000000000AB /* GameScene.swift in Sources */,
				100000172C5E0000000000AB /* GameEngine.swift in Sources */,
				100000192C5E0000000000AB /* ResourceManager.swift in Sources */,
				1000001B2C5E0000000000AB /* UnitManager.swift in Sources */,
				1000001D2C5E0000000000AB /* BuildingManager.swift in Sources */,
				1000001F2C5E0000000000AB /* FactionManager.swift in Sources */,
				100000212C5E0000000000AB /* CampaignManager.swift in Sources */,
				100000232C5E0000000000AB /* GameUI.swift in Sources */,
			);
			runOnlyForDeploymentPostprocessing = 0;
		};
/* End PBXSourcesBuildPhase section */

/* Begin XCBuildConfiguration section */
		100000172C5E0000000000AB /* Debug */ = {
			isa = XCBuildConfiguration;
			buildSettings = {
				ALWAYS_SEARCH_USER_PATHS = NO;
				ASSETCATALOG_COMPILER_GENERATE_SWIFT_ASSET_SYMBOL_EXTENSIONS = YES;
				CLANG_ANALYZER_NONNULL = YES;
				CLANG_ANALYZER_NUMBER_OBJECT_CONVERSION = YES_AGGRESSIVE;
				CLANG_CXX_LANGUAGE_STANDARD = "gnu++20";
				CLANG_ENABLE_MODULES = YES;
				CLANG_ENABLE_OBJC_ARC = YES;
				CLANG_ENABLE_OBJC_WEAK = YES;
				CLANG_WARN_BLOCK_CAPTURE_AUTORELEASING = YES;
				CLANG_WARN_BOOL_CONVERSION = YES;
				CLANG_WARN_COMMA = YES;
				CLANG_WARN_CONSTANT_CONVERSION = YES;
				CLANG_WARN_DEPRECATED_OBJC_IMPLEMENTATIONS = YES;
				CLANG_WARN_DIRECT_OBJC_ISA_USAGE = YES_ERROR;
				CLANG_WARN_DOCUMENTATION_COMMENTS = YES;
				CLANG_WARN_EMPTY_BODY = YES;
				CLANG_WARN_ENUM_CONVERSION = YES;
				CLANG_WARN_INFINITE_RECURSION = YES;
				CLANG_WARN_INT_CONVERSION = YES;
				CLANG_WARN_NON_LITERAL_NULL_CONVERSION = YES;
				CLANG_WARN_OBJC_IMPLICIT_RETAIN_SELF = YES;
				CLANG_WARN_OBJC_LITERAL_CONVERSION = YES;
				CLANG_WARN_OBJC_ROOT_CLASS = YES_ERROR;
				CLANG_WARN_QUOTED_INCLUDE_IN_FRAMEWORK_HEADER = YES;
				CLANG_WARN_RANGE_LOOP_ANALYSIS = YES;
				CLANG_WARN_STRICT_PROTOTYPES = YES;
				CLANG_WARN_SUSPICIOUS_MOVE = YES;
				CLANG_WARN_UNGUARDED_AVAILABILITY = YES_AGGRESSIVE;
				CLANG_WARN_UNREACHABLE_CODE = YES;
				CLANG_WARN__DUPLICATE_METHOD_MATCH = YES;
				COPY_PHASE_STRIP = NO;
				DEBUG_INFORMATION_FORMAT = dwarf;
				ENABLE_STRICT_OBJC_MSGSEND = YES;
				ENABLE_TESTABILITY = YES;
				ENABLE_USER_SCRIPT_SANDBOXING = YES;
				GCC_C_LANGUAGE_STANDARD = gnu17;
				GCC_DYNAMIC_NO_PIC = NO;
				GCC_NO_COMMON_BLOCKS = YES;
				GCC_OPTIMIZATION_LEVEL = 0;
				GCC_PREPROCESSOR_DEFINITIONS = (
					"DEBUG=1",
					"$(inherited)",
				);
				GCC_WARN_64_TO_32_BIT_CONVERSION = YES;
				GCC_WARN_ABOUT_RETURN_TYPE = YES_ERROR;
				GCC_WARN_UNDECLARED_SELECTOR = YES;
				GCC_WARN_UNINITIALIZED_AUTOS = YES_AGGRESSIVE;
				GCC_WARN_UNUSED_FUNCTION = YES;
				GCC_WARN_UNUSED_VARIABLE = YES;
				IPHONEOS_DEPLOYMENT_TARGET = 17.0;
				LOCALIZATION_PREFERS_STRING_CATALOGS = YES;
				MTL_ENABLE_DEBUG_INFO = INCLUDE_SOURCE;
				MTL_FAST_MATH = YES;
				ONLY_ACTIVE_ARCH = YES;
				SDKROOT = iphoneos;
				SWIFT_ACTIVE_COMPILATION_CONDITIONS = "DEBUG $(inherited)";
				SWIFT_OPTIMIZATION_LEVEL = "-Onone";
			};
			name = Debug;
		};
		100000182C5E0000000000AB /* Release */ = {
			isa = XCBuildConfiguration;
			buildSettings = {
				ALWAYS_SEARCH_USER_PATHS = NO;
				ASSETCATALOG_COMPILER_GENERATE_SWIFT_ASSET_SYMBOL_EXTENSIONS = YES;
				CLANG_ANALYZER_NONNULL = YES;
				CLANG_ANALYZER_NUMBER_OBJECT_CONVERSION = YES_AGGRESSIVE;
				CLANG_CXX_LANGUAGE_STANDARD = "gnu++20";
				CLANG_ENABLE_MODULES = YES;
				CLANG_ENABLE_OBJC_ARC = YES;
				CLANG_ENABLE_OBJC_WEAK = YES;
				CLANG_WARN_BLOCK_CAPTURE_AUTORELEASING = YES;
				CLANG_WARN_BOOL_CONVERSION = YES;
				CLANG_WARN_COMMA = YES;
				CLANG_WARN_CONSTANT_CONVERSION = YES;
				CLANG_WARN_DEPRECATED_OBJC_IMPLEMENTATIONS = YES;
				CLANG_WARN_DIRECT_OBJC_ISA_USAGE = YES_ERROR;
				CLANG_WARN_DOCUMENTATION_COMMENTS = YES;
				CLANG_WARN_EMPTY_BODY = YES;
				CLANG_WARN_ENUM_CONVERSION = YES;
				CLANG_WARN_INFINITE_RECURSION = YES;
				CLANG_WARN_INT_CONVERSION = YES;
				CLANG_WARN_NON_LITERAL_NULL_CONVERSION = YES;
				CLANG_WARN_OBJC_IMPLICIT_RETAIN_SELF = YES;
				CLANG_WARN_OBJC_LITERAL_CONVERSION = YES;
				CLANG_WARN_OBJC_ROOT_CLASS = YES_ERROR;
				CLANG_WARN_QUOTED_INCLUDE_IN_FRAMEWORK_HEADER = YES;
				CLANG_WARN_RANGE_LOOP_ANALYSIS = YES;
				CLANG_WARN_STRICT_PROTOTYPES = YES;
				CLANG_WARN_SUSPICIOUS_MOVE = YES;
				CLANG_WARN_UNGUARDED_AVAILABILITY = YES_AGGRESSIVE;
				CLANG_WARN_UNREACHABLE_CODE = YES;
				CLANG_WARN__DUPLICATE_METHOD_MATCH = YES;
				COPY_PHASE_STRIP = NO;
				DEBUG_INFORMATION_FORMAT = "dwarf-with-dsym";
				ENABLE_NS_ASSERTIONS = NO;
				ENABLE_STRICT_OBJC_MSGSEND = YES;
				ENABLE_USER_SCRIPT_SANDBOXING = YES;
				GCC_C_LANGUAGE_STANDARD = gnu17;
				GCC_NO_COMMON_BLOCKS = YES;
				GCC_WARN_64_TO_32_BIT_CONVERSION = YES;
				GCC_WARN_ABOUT_RETURN_TYPE = YES_ERROR;
				GCC_WARN_UNDECLARED_SELECTOR = YES;
				GCC_WARN_UNINITIALIZED_AUTOS = YES_AGGRESSIVE;
				GCC_WARN_UNUSED_FUNCTION = YES;
				GCC_WARN_UNUSED_VARIABLE = YES;
				IPHONEOS_DEPLOYMENT_TARGET = 17.0;
				LOCALIZATION_PREFERS_STRING_CATALOGS = YES;
				MTL_ENABLE_DEBUG_INFO = NO;
				MTL_FAST_MATH = YES;
				SDKROOT = iphoneos;
				SWIFT_COMPILATION_MODE = wholemodule;
				VALIDATE_PRODUCT = YES;
			};
			name = Release;
		};
		1000001A2C5E0000000000AB /* Debug */ = {
			isa = XCBuildConfiguration;
			buildSettings = {
				ASSETCATALOG_COMPILER_APPICON_NAME = AppIcon;
				ASSETCATALOG_COMPILER_GLOBAL_ACCENT_COLOR_NAME = AccentColor;
				CODE_SIGN_STYLE = Automatic;
				CURRENT_PROJECT_VERSION = 1;
				DEVELOPMENT_TEAM = "";
				GENERATE_INFOPLIST_FILE = YES;
				INFOPLIST_FILE = ScottyMasonsRevenge/Info.plist;
				INFOPLIST_KEY_UIApplicationSupportsIndirectInputEvents = YES;
				INFOPLIST_KEY_UILaunchStoryboardName = LaunchScreen;
				INFOPLIST_KEY_UIMainStoryboardFile = Main;
				INFOPLIST_KEY_UIRequiredDeviceCapabilities = (
					armv7,
				);
				INFOPLIST_KEY_UIStatusBarHidden = YES;
				INFOPLIST_KEY_UISupportedInterfaceOrientations = "UIInterfaceOrientationLandscapeLeft UIInterfaceOrientationLandscapeRight";
				INFOPLIST_KEY_UISupportedInterfaceOrientations_iPad = "UIInterfaceOrientationLandscapeLeft UIInterfaceOrientationLandscapeRight UIInterfaceOrientationPortrait UIInterfaceOrientationPortraitUpsideDown";
				LD_RUNPATH_SEARCH_PATHS = (
					"$(inherited)",
					"@executable_path/Frameworks",
				);
				MARKETING_VERSION = 1.0;
				PRODUCT_BUNDLE_IDENTIFIER = com.scottymasonsrevenge.rts;
				PRODUCT_NAME = "$(TARGET_NAME)";
				SUPPORTED_PLATFORMS = "iphoneos iphonesimulator";
				SUPPORTS_MACCATALYST = NO;
				SUPPORTS_MAC_DESIGNED_FOR_IPHONE_IPAD = NO;
				SWIFT_EMIT_LOC_STRINGS = YES;
				SWIFT_VERSION = 5.0;
				TARGETED_DEVICE_FAMILY = "1,2";
			};
			name = Debug;
		};
		1000001B2C5E0000000000AB /* Release */ = {
			isa = XCBuildConfiguration;
			buildSettings = {
				ASSETCATALOG_COMPILER_APPICON_NAME = AppIcon;
				ASSETCATALOG_COMPILER_GLOBAL_ACCENT_COLOR_NAME = AccentColor;
				CODE_SIGN_STYLE = Automatic;
				CURRENT_PROJECT_VERSION = 1;
				DEVELOPMENT_TEAM = "";
				GENERATE_INFOPLIST_FILE = YES;
				INFOPLIST_FILE = ScottyMasonsRevenge/Info.plist;
				INFOPLIST_KEY_UIApplicationSupportsIndirectInputEvents = YES;
				INFOPLIST_KEY_UILaunchStoryboardName = LaunchScreen;
				INFOPLIST_KEY_UIMainStoryboardFile = Main;
				INFOPLIST_KEY_UIRequiredDeviceCapabilities = (
					armv7,
				);
				INFOPLIST_KEY_UIStatusBarHidden = YES;
				INFOPLIST_KEY_UISupportedInterfaceOrientations = "UIInterfaceOrientationLandscapeLeft UIInterfaceOrientationLandscapeRight";
				INFOPLIST_KEY_UISupportedInterfaceOrientations_iPad = "UIInterfaceOrientationLandscapeLeft UIInterfaceOrientationLandscapeRight UIInterfaceOrientationPortrait UIInterfaceOrientationPortraitUpsideDown";
				LD_RUNPATH_SEARCH_PATHS = (
					"$(inherited)",
					"@executable_path/Frameworks",
				);
				MARKETING_VERSION = 1.0;
				PRODUCT_BUNDLE_IDENTIFIER = com.scottymasonsrevenge.rts;
				PRODUCT_NAME = "$(TARGET_NAME)";
				SUPPORTED_PLATFORMS = "iphoneos iphonesimulator";
				SUPPORTS_MACCATALYST = NO;
				SUPPORTS_MAC_DESIGNED_FOR_IPHONE_IPAD = NO;
				SWIFT_EMIT_LOC_STRINGS = YES;
				SWIFT_VERSION = 5.0;
				TARGETED_DEVICE_FAMILY = "1,2";
			};
			name = Release;
		};
/* End XCBuildConfiguration section */

/* Begin XCConfigurationList section */
		100000042C5E0000000000AB /* Build configuration list for PBXProject "ScottyMasonsRevenge" */ = {
			isa = XCConfigurationList;
			buildConfigurations = (
				100000172C5E0000000000AB /* Debug */,
				100000182C5E0000000000AB /* Release */,
			);
			defaultConfigurationIsVisible = 0;
			defaultConfigurationName = Release;
		};
		100000192C5E0000000000AB /* Build configuration list for PBXNativeTarget "ScottyMasonsRevenge" */ = {
			isa = XCConfigurationList;
			buildConfigurations = (
				1000001A2C5E0000000000AB /* Debug */,
				1000001B2C5E0000000000AB /* Release */,
			);
			defaultConfigurationIsVisible = 0;
			defaultConfigurationName = Release;
		};
/* End XCConfigurationList section */
	};
	rootObject = 100000012C5E0000000000AB /* Project object */;
}